// !$*UTF8*$!
{
	archiveVersion = 1;
	classes = {
	};
	objectVersion = 48;
	objects = {

/* Begin PBXBuildFile section */
		2161A1C72397613700C47828 /* My-Nhan-Dinh-Dai-Vu.mp3 in Resources */ = {isa = PBXBuildFile; fileRef = 2161A1C62397613700C47828 /* My-Nhan-Dinh-Dai-Vu.mp3 */; };
		21B075DC2394FDB20047A316 /* AppDelegate.swift in Sources */ = {isa = PBXBuildFile; fileRef = 21B075DB2394FDB20047A316 /* AppDelegate.swift */; };
		21B075DE2394FDB20047A316 /* ViewController.swift in Sources */ = {isa = PBXBuildFile; fileRef = 21B075DD2394FDB20047A316 /* ViewController.swift */; };
		21B075E12394FDB20047A316 /* Main.storyboard in Resources */ = {isa = PBXBuildFile; fileRef = 21B075DF2394FDB20047A316 /* Main.storyboard */; };
		21B075E32394FDB20047A316 /* Assets.xcassets in Resources */ = {isa = PBXBuildFile; fileRef = 21B075E22394FDB20047A316 /* Assets.xcassets */; };
		21B075E62394FDB20047A316 /* LaunchScreen.storyboard in Resources */ = {isa = PBXBuildFile; fileRef = 21B075E42394FDB20047A316 /* LaunchScreen.storyboard */; };
/* End PBXBuildFile section */

/* Begin PBXFileReference section */
		2161A1C62397613700C47828 /* My-Nhan-Dinh-Dai-Vu.mp3 */ = {isa = PBXFileReference; lastKnownFileType = audio.mp3; path = "My-Nhan-Dinh-Dai-Vu.mp3"; sourceTree = "<group>"; };
		21B075D82394FDB20047A316 /* avPlayMedia.app */ = {isa = PBXFileReference; explicitFileType = wrapper.application; includeInIndex = 0; path = avPlayMedia.app; sourceTree = BUILT_PRODUCTS_DIR; };
		21B075DB2394FDB20047A316 /* AppDelegate.swift */ = {isa = PBXFileReference; lastKnownFileType = sourcecode.swift; path = AppDelegate.swift; sourceTree = "<group>"; };
		21B075DD2394FDB20047A316 /* ViewController.swift */ = {isa = PBXFileReference; lastKnownFileType = sourcecode.swift; path = ViewController.swift; sourceTree = "<group>"; };
		21B075E02394FDB20047A316 /* Base */ = {isa = PBXFileReference; lastKnownFileType = file.storyboard; name = Base; path = Base.lproj/Main.storyboard; sourceTree = "<group>"; };
		21B075E22394FDB20047A316 /* Assets.xcassets */ = {isa = PBXFileReference; lastKnownFileType = folder.assetcatalog; path = Assets.xcassets; sourceTree = "<group>"; };
		21B075E52394FDB20047A316 /* Base */ = {isa = PBXFileReference; lastKnownFileType = file.storyboard; name = Base; path = Base.lproj/LaunchScreen.storyboard; sourceTree = "<group>"; };
		21B075E72394FDB20047A316 /* Info.plist */ = {isa = PBXFileReference; lastKnownFileType = text.plist.xml; path = Info.plist; sourceTree = "<group>"; };
/* End PBXFileReference section */

/* Begin PBXFrameworksBuildPhase section */
		21B075D52394FDB20047A316 /* Frameworks */ = {
			isa = PBXFrameworksBuildPhase;
			buildActionMask = 2147483647;
			files = (
			);
			runOnlyForDeploymentPostprocessing = 0;
		};
/* End PBXFrameworksBuildPhase section */

/* Begin PBXGroup section */
		21B075CF2394FDB20047A316 = {
			isa = PBXGroup;
			children = (
				21B075DA2394FDB20047A316 /* avPlayMedia */,
				21B075D92394FDB20047A316 /* Products */,
			);
			sourceTree = "<group>";
		};
		21B075D92394FDB20047A316 /* Products */ = {
			isa = PBXGroup;
			children = (
				21B075D82394FDB20047A316 /* avPlayMedia.app */,
			);
			name = Products;
			sourceTree = "<group>";
		};
		21B075DA2394FDB20047A316 /* avPlayMedia */ = {
			isa = PBXGroup;
			children = (
				2161A1C62397613700C47828 /* My-Nhan-Dinh-Dai-Vu.mp3 */,
				21B075DB2394FDB20047A316 /* AppDelegate.swift */,
				21B075DD2394FDB20047A316 /* ViewController.swift */,
				21B075DF2394FDB20047A316 /* Main.storyboard */,
				21B075E22394FDB20047A316 /* Assets.xcassets */,
				21B075E42394FDB20047A316 /* LaunchScreen.storyboard */,
				21B075E72394FDB20047A316 /* Info.plist */,
			);
			path = avPlayMedia;
			sourceTree = "<group>";
		};
/* End PBXGroup section */

/* Begin PBXNativeTarget section */
		21B075D72394FDB20047A316 /* avPlayMedia */ = {
			isa = PBXNativeTarget;
			buildConfigurationList = 21B075EA2394FDB20047A316 /* Build configuration list for PBXNativeTarget "avPlayMedia" */;
			buildPhases = (
				21B075D42394FDB20047A316 /* Sources */,
				21B075D52394FDB20047A316 /* Frameworks */,
				21B075D62394FDB20047A316 /* Resources */,
			);
			buildRules = (
			);
			dependencies = (
			);
			name = avPlayMedia;
			productName = avPlayMedia;
			productReference = 21B075D82394FDB20047A316 /* avPlayMedia.app */;
			productType = "com.apple.product-type.application";
		};
/* End PBXNativeTarget section */

/* Begin PBXProject section */
		21B075D02394FDB20047A316 /* Project object */ = {
			isa = PBXProject;
			attributes = {
				LastSwiftUpdateCheck = 0920;
				LastUpgradeCheck = 0920;
				ORGANIZATIONNAME = Van;
				TargetAttributes = {
					21B075D72394FDB20047A316 = {
						CreatedOnToolsVersion = 9.2;
						ProvisioningStyle = Automatic;
					};
				};
			};
			buildConfigurationList = 21B075D32394FDB20047A316 /* Build configuration list for PBXProject "avPlayMedia" */;
			compatibilityVersion = "Xcode 8.0";
			developmentRegion = en;
			hasScannedForEncodings = 0;
			knownRegions = (
				en,
				Base,
			);
			mainGroup = 21B075CF2394FDB20047A316;
			productRefGroup = 21B075D92394FDB20047A316 /* Products */;
			projectDirPath = "";
			projectRoot = "";
			targets = (
				21B075D72394FDB20047A316 /* avPlayMedia */,
			);
		};
/* End PBXProject section */

/* Begin PBXResourcesBuildPhase section */
		21B075D62394FDB20047A316 /* Resources */ = {
			isa = PBXResourcesBuildPhase;
			buildActionMask = 2147483647;
			files = (
				2161A1C72397613700C47828 /* My-Nhan-Dinh-Dai-Vu.mp3 in Resources */,
				21B075E62394FDB20047A316 /* LaunchScreen.storyboard in Resources */,
				21B075E32394FDB20047A316 /* Assets.xcassets in Resources */,
				21B075E12394FDB20047A316 /* Main.storyboard in Resources */,
			);
			runOnlyForDeploymentPostprocessing = 0;
		};
/* End PBXResourcesBuildPhase section */

/* Begin PBXSourcesBuildPhase section */
		21B075D42394FDB20047A316 /* Sources */ = {
			isa = PBXSourcesBuildPhase;
			buildActionMask = 2147483647;
			files = (
				21B075DE2394FDB20047A316 /* ViewController.swift in Sources */,
				21B075DC2394FDB20047A316 /* AppDelegate.swift in Sources */,
			);
			runOnlyForDeploymentPostprocessing = 0;
		};
/* End PBXSourcesBuildPhase section */

/* Begin PBXVariantGroup section */
		21B075DF2394FDB20047A316 /* Main.storyboard */ = {
			isa = PBXVariantGroup;
			children = (
				21B075E02394FDB20047A316 /* Base */,
			);
			name = Main.storyboard;
			sourceTree = "<group>";
		};
		21B075E42394FDB20047A316 /* LaunchScreen.storyboard */ = {
			isa = PBXVariantGroup;
			children = (
				21B075E52394FDB20047A316 /* Base */,
			);
			name = LaunchScreen.storyboard;
			sourceTree = "<group>";
		};
/* End PBXVariantGroup section */

/* Begin XCBuildConfiguration section */
		21B075E82394FDB20047A316 /* Debug */ = {
			isa = XCBuildConfiguration;
			buildSettings = {
				ALWAYS_SEARCH_USER_PATHS = NO;
				CLANG_ANALYZER_NONNULL = YES;
				CLANG_ANALYZER_NUMBER_OBJECT_CONVERSION = YES_AGGRESSIVE;
				CLANG_CXX_LANGUAGE_STANDARD = "gnu++14";
				CLANG_CXX_LIBRARY = "libc++";
				CLANG_ENABLE_MODULES = YES;
				CLANG_ENABLE_OBJC_ARC = YES;
				CLANG_WARN_BLOCK_CAPTURE_AUTORELEASING = YES;
				CLANG_WARN_BOOL_CONVERSION = YES;
				CLANG_WARN_COMMA = YES;
				CLANG_WARN_CONSTANT_CONVERSION = YES;
				CLANG_WARN_DIRECT_OBJC_ISA_USAGE = YES_ERROR;
				CLANG_WARN_DOCUMENTATION_COMMENTS = YES;
				CLANG_WARN_EMPTY_BODY = YES;
				CLANG_WARN_ENUM_CONVERSION = YES;
				CLANG_WARN_INFINITE_RECURSION = YES;
				CLANG_WARN_INT_CONVERSION = YES;
				CLANG_WARN_NON_LITERAL_NULL_CONVERSION = YES;
				CLANG_WARN_OBJC_LITERAL_CONVERSION = YES;
				CLANG_WARN_OBJC_ROOT_CLASS = YES_ERROR;
				CLANG_WARN_RANGE_LOOP_ANALYSIS = YES;
				CLANG_WARN_STRICT_PROTOTYPES = YES;
				CLANG_WARN_SUSPICIOUS_MOVE = YES;
				CLANG_WARN_UNGUARDED_AVAILABILITY = YES_AGGRESSIVE;
				CLANG_WARN_UNREACHABLE_CODE = YES;
				CLANG_WARN__DUPLICATE_METHOD_MATCH = YES;
				CODE_SIGN_IDENTITY = "iPhone Developer";
				COPY_PHASE_STRIP = NO;
				DEBUG_INFORMATION_FORMAT = dwarf;
				ENABLE_STRICT_OBJC_MSGSEND = YES;
				ENABLE_TESTABILITY = YES;
				GCC_C_LANGUAGE_STANDARD = gnu11;
				GCC_DYNAMIC_NO_PIC = NO;
				GCC_NO_COMMON_BLOCKS = YES;
				GCC_OPTIMIZATION_LEVEL = 0;
				GCC_PREPROCESSOR_DEFINITIONS = (
					"DEBUG=1",
					"$(inherited)",
				);
				GCC_WARN_64_TO_32_BIT_CONVERSION = YES;
				GCC_WARN_ABOUT_RETURN_TYPE = YES_ERROR;
				GCC_WARN_UNDECLARED_SELECTOR = YES;
				GCC_WARN_UNINITIALIZED_AUTOS = YES_AGGRESSIVE;
				GCC_WARN_UNUSED_FUNCTION = YES;
				GCC_WARN_UNUSED_VARIABLE = YES;
				IPHONEOS_DEPLOYMENT_TARGET = 11.2;
				MTL_ENABLE_DEBUG_INFO = YES;
				ONLY_ACTIVE_ARCH = YES;
				SDKROOT = iphoneos;
				SWIFT_ACTIVE_COMPILATION_CONDITIONS = DEBUG;
				SWIFT_OPTIMIZATION_LEVEL = "-Onone";
			};
			name = Debug;
		};
		21B075E92394FDB20047A316 /* Release */ = {
			isa = XCBuildConfiguration;
			buildSettings = {
				ALWAYS_SEARCH_USER_PATHS = NO;
				CLANG_ANALYZER_NONNULL = YES;
				CLANG_ANALYZER_NUMBER_OBJECT_CONVERSION = YES_AGGRESSIVE;
				CLANG_CXX_LANGUAGE_STANDARD = "gnu++14";
				CLANG_CXX_LIBRARY = "libc++";
				CLANG_ENABLE_MODULES = YES;
				CLANG_ENABLE_OBJC_ARC = YES;
				CLANG_WARN_BLOCK_CAPTURE_AUTORELEASING = YES;
				CLANG_WARN_BOOL_CONVERSION = YES;
				CLANG_WARN_COMMA = YES;
				CLANG_WARN_CONSTANT_CONVERSION = YES;
				CLANG_WARN_DIRECT_OBJC_ISA_USAGE = YES_ERROR;
				CLANG_WARN_DOCUMENTATION_COMMENTS = YES;
				CLANG_WARN_EMPTY_BODY = YES;
				CLANG_WARN_ENUM_CONVERSION = YES;
				CLANG_WARN_INFINITE_RECURSION = YES;
				CLANG_WARN_INT_CONVERSION = YES;
				CLANG_WARN_NON_LITERAL_NULL_CONVERSION = YES;
				CLANG_WARN_OBJC_LITERAL_CONVERSION = YES;
				CLANG_WARN_OBJC_ROOT_CLASS = YES_ERROR;
				CLANG_WARN_RANGE_LOOP_ANALYSIS = YES;
				CLANG_WARN_STRICT_PROTOTYPES = YES;
				CLANG_WARN_SUSPICIOUS_MOVE = YES;
				CLANG_WARN_UNGUARDED_AVAILABILITY = YES_AGGRESSIVE;
				CLANG_WARN_UNREACHABLE_CODE = YES;
				CLANG_WARN__DUPLICATE_METHOD_MATCH = YES;
				CODE_SIGN_IDENTITY = "iPhone Developer";
				COPY_PHASE_STRIP = NO;
				DEBUG_INFORMATION_FORMAT = "dwarf-with-dsym";
				ENABLE_NS_ASSERTIONS = NO;
				ENABLE_STRICT_OBJC_MSGSEND = YES;
				GCC_C_LANGUAGE_STANDARD = gnu11;
				GCC_NO_COMMON_BLOCKS = YES;
				GCC_WARN_64_TO_32_BIT_CONVERSION = YES;
				GCC_WARN_ABOUT_RETURN_TYPE = YES_ERROR;
				GCC_WARN_UNDECLARED_SELECTOR = YES;
				GCC_WARN_UNINITIALIZED_AUTOS = YES_AGGRESSIVE;
				GCC_WARN_UNUSED_FUNCTION = YES;
				GCC_WARN_UNUSED_VARIABLE = YES;
				IPHONEOS_DEPLOYMENT_TARGET = 11.2;
				MTL_ENABLE_DEBUG_INFO = NO;
				SDKROOT = iphoneos;
				SWIFT_OPTIMIZATION_LEVEL = "-Owholemodule";
				VALIDATE_PRODUCT = YES;
			};
			name = Release;
		};
		21B075EB2394FDB20047A316 /* Debug */ = {
			isa = XCBuildConfiguration;
			buildSettings = {
				ASSETCATALOG_COMPILER_APPICON_NAME = AppIcon;
				CODE_SIGN_STYLE = Automatic;
				DEVELOPMENT_TEAM = MP7L6V66M7;
				INFOPLIST_FILE = avPlayMedia/Info.plist;
				LD_RUNPATH_SEARCH_PATHS = "$(inherited) @executable_path/Frameworks";
				PRODUCT_BUNDLE_IDENTIFIER = com.jetart.avPlayMedia;
				PRODUCT_NAME = "$(TARGET_NAME)";
				SWIFT_VERSION = 4.0;
				TARGETED_DEVICE_FAMILY = "1,2";
			};
			name = Debug;
		};
		21B075EC2394FDB20047A316 /* Release */ = {
			isa = XCBuildConfiguration;
			buildSettings = {
				ASSETCATALOG_COMPILER_APPICON_NAME = AppIcon;
				CODE_SIGN_STYLE = Automatic;
				DEVELOPMENT_TEAM = MP7L6V66M7;
				INFOPLIST_FILE = avPlayMedia/Info.plist;
				LD_RUNPATH_SEARCH_PATHS = "$(inherited) @executable_path/Frameworks";
				PRODUCT_BUNDLE_IDENTIFIER = com.jetart.avPlayMedia;
				PRODUCT_NAME = "$(TARGET_NAME)";
				SWIFT_VERSION = 4.0;
				TARGETED_DEVICE_FAMILY = "1,2";
			};
			name = Release;
		};
/* End XCBuildConfiguration section */

/* Begin XCConfigurationList section */
		21B075D32394FDB20047A316 /* Build configuration list for PBXProject "avPlayMedia" */ = {
			isa = XCConfigurationList;
			buildConfigurations = (
				21B075E82394FDB20047A316 /* Debug */,
				21B075E92394FDB20047A316 /* Release */,
			);
			defaultConfigurationIsVisible = 0;
			defaultConfigurationName = Release;
		};
		21B075EA2394FDB20047A316 /* Build configuration list for PBXNativeTarget "avPlayMedia" */ = {
			isa = XCConfigurationList;
			buildConfigurations = (
				21B075EB2394FDB20047A316 /* Debug */,
				21B075EC2394FDB20047A316 /* Release */,
			);
			defaultConfigurationIsVisible = 0;
			defaultConfigurationName = Release;
		};
/* End XCConfigurationList section */
	};
	rootObject = 21B075D02394FDB20047A316 /* Project object */;
}
